// !$*UTF8*$!
{
	archiveVersion = 1;
	classes = {
	};
	objectVersion = 46;
	objects = {

/* Begin PBXBuildFile section */
		001CD6187F1488FEF111A928 /* Pods_CleanGreenEarth.framework in Frameworks */ = {isa = PBXBuildFile; fileRef = 332D5AB180CE9D9BD440F876 /* Pods_CleanGreenEarth.framework */; };
		65513D701DE7FE8D003C79DE /* Event.swift in Sources */ = {isa = PBXBuildFile; fileRef = 65513D6F1DE7FE8D003C79DE /* Event.swift */; };
		65513D721DE8105A003C79DE /* User.swift in Sources */ = {isa = PBXBuildFile; fileRef = 65513D711DE8105A003C79DE /* User.swift */; };
		65513D741DE8114F003C79DE /* DataController.swift in Sources */ = {isa = PBXBuildFile; fileRef = 65513D731DE8114F003C79DE /* DataController.swift */; };
		65513D761DE8626A003C79DE /* CGEClient+Users.swift in Sources */ = {isa = PBXBuildFile; fileRef = 65513D751DE8626A003C79DE /* CGEClient+Users.swift */; };
		65513D781DE86278003C79DE /* CGEClient+Events.swift in Sources */ = {isa = PBXBuildFile; fileRef = 65513D771DE86278003C79DE /* CGEClient+Events.swift */; };
		65513D7A1DE86282003C79DE /* CGEClient+Attendance.swift in Sources */ = {isa = PBXBuildFile; fileRef = 65513D791DE86282003C79DE /* CGEClient+Attendance.swift */; };
		656A5BD51DE6AC8A00647BD0 /* ProfileTableViewController.swift in Sources */ = {isa = PBXBuildFile; fileRef = 656A5BD41DE6AC8A00647BD0 /* ProfileTableViewController.swift */; };
		656A5BD91DE6F10C00647BD0 /* DataModel.xcdatamodeld in Sources */ = {isa = PBXBuildFile; fileRef = 656A5BD71DE6F10C00647BD0 /* DataModel.xcdatamodeld */; };
		65B493971DE57B7800317ACB /* SearchEventsViewController.swift in Sources */ = {isa = PBXBuildFile; fileRef = 65B493961DE57B7800317ACB /* SearchEventsViewController.swift */; };
		65B4939D1DE5848B00317ACB /* MapKit.framework in Frameworks */ = {isa = PBXBuildFile; fileRef = 65B4939C1DE5848B00317ACB /* MapKit.framework */; };
		D43D1CC81DE22B72008F292E /* SignupViewController.swift in Sources */ = {isa = PBXBuildFile; fileRef = D43D1CC71DE22B72008F292E /* SignupViewController.swift */; };
		D43D1CCA1DE22D65008F292E /* Constants.swift in Sources */ = {isa = PBXBuildFile; fileRef = D43D1CC91DE22D65008F292E /* Constants.swift */; };
		D496262F1DDFE83800113527 /* .gitignore in Resources */ = {isa = PBXBuildFile; fileRef = D496262E1DDFE83800113527 /* .gitignore */; };
		D49626311DE214E000113527 /* GoogleService-Info.plist in Resources */ = {isa = PBXBuildFile; fileRef = D49626301DE214E000113527 /* GoogleService-Info.plist */; };
		D49626341DE215D200113527 /* Podfile in Resources */ = {isa = PBXBuildFile; fileRef = D49626331DE215D200113527 /* Podfile */; };
		D4D19C9F1DE2369300707A2C /* UpdateNameViewController.swift in Sources */ = {isa = PBXBuildFile; fileRef = D4D19C9E1DE2369300707A2C /* UpdateNameViewController.swift */; };
		D4D19CA31DE247A600707A2C /* CGEClient.swift in Sources */ = {isa = PBXBuildFile; fileRef = D4D19CA21DE247A600707A2C /* CGEClient.swift */; };
		D4D19CA51DE247F600707A2C /* CGEClient+Constants.swift in Sources */ = {isa = PBXBuildFile; fileRef = D4D19CA41DE247F600707A2C /* CGEClient+Constants.swift */; };
		D4D19CA71DE2486600707A2C /* CGEClient+Helpers.swift in Sources */ = {isa = PBXBuildFile; fileRef = D4D19CA61DE2486600707A2C /* CGEClient+Helpers.swift */; };
		D4D19CA91DE24D3200707A2C /* CGEClient+Authentication.swift in Sources */ = {isa = PBXBuildFile; fileRef = D4D19CA81DE24D3200707A2C /* CGEClient+Authentication.swift */; };
		D4E974DB1DDFE754002DCA7B /* AppDelegate.swift in Sources */ = {isa = PBXBuildFile; fileRef = D4E974DA1DDFE754002DCA7B /* AppDelegate.swift */; };
		D4E974DD1DDFE754002DCA7B /* LoginViewController.swift in Sources */ = {isa = PBXBuildFile; fileRef = D4E974DC1DDFE754002DCA7B /* LoginViewController.swift */; };
		D4E974E01DDFE754002DCA7B /* Main.storyboard in Resources */ = {isa = PBXBuildFile; fileRef = D4E974DE1DDFE754002DCA7B /* Main.storyboard */; };
		D4E974E21DDFE754002DCA7B /* Assets.xcassets in Resources */ = {isa = PBXBuildFile; fileRef = D4E974E11DDFE754002DCA7B /* Assets.xcassets */; };
		D4E974E51DDFE754002DCA7B /* LaunchScreen.storyboard in Resources */ = {isa = PBXBuildFile; fileRef = D4E974E31DDFE754002DCA7B /* LaunchScreen.storyboard */; };
/* End PBXBuildFile section */

/* Begin PBXFileReference section */
		332D5AB180CE9D9BD440F876 /* Pods_CleanGreenEarth.framework */ = {isa = PBXFileReference; explicitFileType = wrapper.framework; includeInIndex = 0; path = Pods_CleanGreenEarth.framework; sourceTree = BUILT_PRODUCTS_DIR; };
		65513D6F1DE7FE8D003C79DE /* Event.swift */ = {isa = PBXFileReference; fileEncoding = 4; lastKnownFileType = sourcecode.swift; path = Event.swift; sourceTree = "<group>"; };
		65513D711DE8105A003C79DE /* User.swift */ = {isa = PBXFileReference; fileEncoding = 4; lastKnownFileType = sourcecode.swift; path = User.swift; sourceTree = "<group>"; };
		65513D731DE8114F003C79DE /* DataController.swift */ = {isa = PBXFileReference; fileEncoding = 4; lastKnownFileType = sourcecode.swift; path = DataController.swift; sourceTree = "<group>"; };
		65513D751DE8626A003C79DE /* CGEClient+Users.swift */ = {isa = PBXFileReference; fileEncoding = 4; lastKnownFileType = sourcecode.swift; path = "CGEClient+Users.swift"; sourceTree = "<group>"; };
		65513D771DE86278003C79DE /* CGEClient+Events.swift */ = {isa = PBXFileReference; fileEncoding = 4; lastKnownFileType = sourcecode.swift; path = "CGEClient+Events.swift"; sourceTree = "<group>"; };
		65513D791DE86282003C79DE /* CGEClient+Attendance.swift */ = {isa = PBXFileReference; fileEncoding = 4; lastKnownFileType = sourcecode.swift; path = "CGEClient+Attendance.swift"; sourceTree = "<group>"; };
		656A5BD41DE6AC8A00647BD0 /* ProfileTableViewController.swift */ = {isa = PBXFileReference; fileEncoding = 4; lastKnownFileType = sourcecode.swift; path = ProfileTableViewController.swift; sourceTree = "<group>"; };
		656A5BD81DE6F10C00647BD0 /* DataModel.xcdatamodel */ = {isa = PBXFileReference; lastKnownFileType = wrapper.xcdatamodel; path = DataModel.xcdatamodel; sourceTree = "<group>"; };
		65B493961DE57B7800317ACB /* SearchEventsViewController.swift */ = {isa = PBXFileReference; fileEncoding = 4; lastKnownFileType = sourcecode.swift; path = SearchEventsViewController.swift; sourceTree = "<group>"; };
		65B4939C1DE5848B00317ACB /* MapKit.framework */ = {isa = PBXFileReference; lastKnownFileType = wrapper.framework; name = MapKit.framework; path = System/Library/Frameworks/MapKit.framework; sourceTree = SDKROOT; };
		66BDFE95D92554B3B4D61A48 /* Pods-CleanGreenEarth.debug.xcconfig */ = {isa = PBXFileReference; includeInIndex = 1; lastKnownFileType = text.xcconfig; name = "Pods-CleanGreenEarth.debug.xcconfig"; path = "Pods/Target Support Files/Pods-CleanGreenEarth/Pods-CleanGreenEarth.debug.xcconfig"; sourceTree = "<group>"; };
		D43D1CC71DE22B72008F292E /* SignupViewController.swift */ = {isa = PBXFileReference; fileEncoding = 4; lastKnownFileType = sourcecode.swift; path = SignupViewController.swift; sourceTree = "<group>"; };
		D43D1CC91DE22D65008F292E /* Constants.swift */ = {isa = PBXFileReference; fileEncoding = 4; lastKnownFileType = sourcecode.swift; path = Constants.swift; sourceTree = "<group>"; };
		D496262E1DDFE83800113527 /* .gitignore */ = {isa = PBXFileReference; fileEncoding = 4; lastKnownFileType = text; path = .gitignore; sourceTree = "<group>"; };
		D49626301DE214E000113527 /* GoogleService-Info.plist */ = {isa = PBXFileReference; fileEncoding = 4; lastKnownFileType = text.plist.xml; path = "GoogleService-Info.plist"; sourceTree = "<group>"; };
		D49626331DE215D200113527 /* Podfile */ = {isa = PBXFileReference; fileEncoding = 4; lastKnownFileType = text; path = Podfile; sourceTree = "<group>"; xcLanguageSpecificationIdentifier = xcode.lang.ruby; };
		D4D19C9E1DE2369300707A2C /* UpdateNameViewController.swift */ = {isa = PBXFileReference; fileEncoding = 4; lastKnownFileType = sourcecode.swift; path = UpdateNameViewController.swift; sourceTree = "<group>"; };
		D4D19CA21DE247A600707A2C /* CGEClient.swift */ = {isa = PBXFileReference; fileEncoding = 4; lastKnownFileType = sourcecode.swift; path = CGEClient.swift; sourceTree = "<group>"; };
		D4D19CA41DE247F600707A2C /* CGEClient+Constants.swift */ = {isa = PBXFileReference; fileEncoding = 4; lastKnownFileType = sourcecode.swift; path = "CGEClient+Constants.swift"; sourceTree = "<group>"; };
		D4D19CA61DE2486600707A2C /* CGEClient+Helpers.swift */ = {isa = PBXFileReference; fileEncoding = 4; lastKnownFileType = sourcecode.swift; path = "CGEClient+Helpers.swift"; sourceTree = "<group>"; };
		D4D19CA81DE24D3200707A2C /* CGEClient+Authentication.swift */ = {isa = PBXFileReference; fileEncoding = 4; lastKnownFileType = sourcecode.swift; path = "CGEClient+Authentication.swift"; sourceTree = "<group>"; };
		D4E974D71DDFE754002DCA7B /* CleanGreenEarth.app */ = {isa = PBXFileReference; explicitFileType = wrapper.application; includeInIndex = 0; path = CleanGreenEarth.app; sourceTree = BUILT_PRODUCTS_DIR; };
		D4E974DA1DDFE754002DCA7B /* AppDelegate.swift */ = {isa = PBXFileReference; lastKnownFileType = sourcecode.swift; path = AppDelegate.swift; sourceTree = "<group>"; };
		D4E974DC1DDFE754002DCA7B /* LoginViewController.swift */ = {isa = PBXFileReference; lastKnownFileType = sourcecode.swift; path = LoginViewController.swift; sourceTree = "<group>"; };
		D4E974DF1DDFE754002DCA7B /* Base */ = {isa = PBXFileReference; lastKnownFileType = file.storyboard; name = Base; path = Base.lproj/Main.storyboard; sourceTree = "<group>"; };
		D4E974E11DDFE754002DCA7B /* Assets.xcassets */ = {isa = PBXFileReference; lastKnownFileType = folder.assetcatalog; path = Assets.xcassets; sourceTree = "<group>"; };
		D4E974E41DDFE754002DCA7B /* Base */ = {isa = PBXFileReference; lastKnownFileType = file.storyboard; name = Base; path = Base.lproj/LaunchScreen.storyboard; sourceTree = "<group>"; };
		D4E974E61DDFE754002DCA7B /* Info.plist */ = {isa = PBXFileReference; lastKnownFileType = text.plist.xml; path = Info.plist; sourceTree = "<group>"; };
		F512E20F67AC26A937D2BEF3 /* Pods-CleanGreenEarth.release.xcconfig */ = {isa = PBXFileReference; includeInIndex = 1; lastKnownFileType = text.xcconfig; name = "Pods-CleanGreenEarth.release.xcconfig"; path = "Pods/Target Support Files/Pods-CleanGreenEarth/Pods-CleanGreenEarth.release.xcconfig"; sourceTree = "<group>"; };
/* End PBXFileReference section */

/* Begin PBXFrameworksBuildPhase section */
		D4E974D41DDFE754002DCA7B /* Frameworks */ = {
			isa = PBXFrameworksBuildPhase;
			buildActionMask = 2147483647;
			files = (
				65B4939D1DE5848B00317ACB /* MapKit.framework in Frameworks */,
				001CD6187F1488FEF111A928 /* Pods_CleanGreenEarth.framework in Frameworks */,
			);
			runOnlyForDeploymentPostprocessing = 0;
		};
/* End PBXFrameworksBuildPhase section */

/* Begin PBXGroup section */
		5A79B4011F200DBB23EBF086 /* Pods */ = {
			isa = PBXGroup;
			children = (
				66BDFE95D92554B3B4D61A48 /* Pods-CleanGreenEarth.debug.xcconfig */,
				F512E20F67AC26A937D2BEF3 /* Pods-CleanGreenEarth.release.xcconfig */,
			);
			name = Pods;
			sourceTree = "<group>";
		};
		656A5BD61DE6EE0F00647BD0 /* DataController */ = {
			isa = PBXGroup;
			children = (
				656A5BD71DE6F10C00647BD0 /* DataModel.xcdatamodeld */,
				65513D6F1DE7FE8D003C79DE /* Event.swift */,
				65513D711DE8105A003C79DE /* User.swift */,
				65513D731DE8114F003C79DE /* DataController.swift */,
			);
			name = DataController;
			sourceTree = "<group>";
		};
		B084D18F5E33507206B252A2 /* Frameworks */ = {
			isa = PBXGroup;
			children = (
				65B4939C1DE5848B00317ACB /* MapKit.framework */,
				332D5AB180CE9D9BD440F876 /* Pods_CleanGreenEarth.framework */,
			);
			name = Frameworks;
			sourceTree = "<group>";
		};
		D4D19CA01DE2478900707A2C /* Models */ = {
			isa = PBXGroup;
			children = (
				656A5BD61DE6EE0F00647BD0 /* DataController */,
				D4D19CA11DE2479500707A2C /* CGEClient */,
			);
			name = Models;
			sourceTree = "<group>";
		};
		D4D19CA11DE2479500707A2C /* CGEClient */ = {
			isa = PBXGroup;
			children = (
				D4D19CA21DE247A600707A2C /* CGEClient.swift */,
				D4D19CA81DE24D3200707A2C /* CGEClient+Authentication.swift */,
				D4D19CA61DE2486600707A2C /* CGEClient+Helpers.swift */,
				D4D19CA41DE247F600707A2C /* CGEClient+Constants.swift */,
				65513D751DE8626A003C79DE /* CGEClient+Users.swift */,
				65513D771DE86278003C79DE /* CGEClient+Events.swift */,
				65513D791DE86282003C79DE /* CGEClient+Attendance.swift */,
			);
			name = CGEClient;
			sourceTree = "<group>";
		};
		D4E974CE1DDFE754002DCA7B = {
			isa = PBXGroup;
			children = (
				D49626301DE214E000113527 /* GoogleService-Info.plist */,
				D496262E1DDFE83800113527 /* .gitignore */,
				D49626331DE215D200113527 /* Podfile */,
				D4E974D91DDFE754002DCA7B /* CleanGreenEarth */,
				D4E974D81DDFE754002DCA7B /* Products */,
				5A79B4011F200DBB23EBF086 /* Pods */,
				B084D18F5E33507206B252A2 /* Frameworks */,
			);
			sourceTree = "<group>";
		};
		D4E974D81DDFE754002DCA7B /* Products */ = {
			isa = PBXGroup;
			children = (
				D4E974D71DDFE754002DCA7B /* CleanGreenEarth.app */,
			);
			name = Products;
			sourceTree = "<group>";
		};
		D4E974D91DDFE754002DCA7B /* CleanGreenEarth */ = {
			isa = PBXGroup;
			children = (
				D4E974DA1DDFE754002DCA7B /* AppDelegate.swift */,
				D4E974DC1DDFE754002DCA7B /* LoginViewController.swift */,
				D4D19C9E1DE2369300707A2C /* UpdateNameViewController.swift */,
				65B493961DE57B7800317ACB /* SearchEventsViewController.swift */,
				D4E974DE1DDFE754002DCA7B /* Main.storyboard */,
				D43D1CC71DE22B72008F292E /* SignupViewController.swift */,
				D4E974E11DDFE754002DCA7B /* Assets.xcassets */,
				D4E974E31DDFE754002DCA7B /* LaunchScreen.storyboard */,
				D4E974E61DDFE754002DCA7B /* Info.plist */,
				D43D1CC91DE22D65008F292E /* Constants.swift */,
				D4D19CA01DE2478900707A2C /* Models */,
				656A5BD41DE6AC8A00647BD0 /* ProfileTableViewController.swift */,
			);
			path = CleanGreenEarth;
			sourceTree = "<group>";
		};
/* End PBXGroup section */

/* Begin PBXNativeTarget section */
		D4E974D61DDFE754002DCA7B /* CleanGreenEarth */ = {
			isa = PBXNativeTarget;
			buildConfigurationList = D4E974E91DDFE754002DCA7B /* Build configuration list for PBXNativeTarget "CleanGreenEarth" */;
			buildPhases = (
				455F58BA4F5C1DFF2668A730 /* [CP] Check Pods Manifest.lock */,
				D4E974D31DDFE754002DCA7B /* Sources */,
				D4E974D41DDFE754002DCA7B /* Frameworks */,
				D4E974D51DDFE754002DCA7B /* Resources */,
				1D13A3E6EB6D2CBD5AD957A0 /* [CP] Embed Pods Frameworks */,
				FFB0EC2E007C0F7F7A3D17EE /* [CP] Copy Pods Resources */,
			);
			buildRules = (
			);
			dependencies = (
			);
			name = CleanGreenEarth;
			productName = CleanGreenEarth;
			productReference = D4E974D71DDFE754002DCA7B /* CleanGreenEarth.app */;
			productType = "com.apple.product-type.application";
		};
/* End PBXNativeTarget section */

/* Begin PBXProject section */
		D4E974CF1DDFE754002DCA7B /* Project object */ = {
			isa = PBXProject;
			attributes = {
				LastSwiftUpdateCheck = 0810;
				LastUpgradeCheck = 0810;
				ORGANIZATIONNAME = "Akshar Patel";
				TargetAttributes = {
					D4E974D61DDFE754002DCA7B = {
						CreatedOnToolsVersion = 8.1;
						DevelopmentTeam = GAR9GU6C4G;
						ProvisioningStyle = Automatic;
						SystemCapabilities = {
							com.apple.Maps.iOS = {
								enabled = 1;
							};
						};
					};
				};
			};
			buildConfigurationList = D4E974D21DDFE754002DCA7B /* Build configuration list for PBXProject "CleanGreenEarth" */;
			compatibilityVersion = "Xcode 3.2";
			developmentRegion = English;
			hasScannedForEncodings = 0;
			knownRegions = (
				en,
				Base,
			);
			mainGroup = D4E974CE1DDFE754002DCA7B;
			productRefGroup = D4E974D81DDFE754002DCA7B /* Products */;
			projectDirPath = "";
			projectRoot = "";
			targets = (
				D4E974D61DDFE754002DCA7B /* CleanGreenEarth */,
			);
		};
/* End PBXProject section */

/* Begin PBXResourcesBuildPhase section */
		D4E974D51DDFE754002DCA7B /* Resources */ = {
			isa = PBXResourcesBuildPhase;
			buildActionMask = 2147483647;
			files = (
				D49626341DE215D200113527 /* Podfile in Resources */,
				D496262F1DDFE83800113527 /* .gitignore in Resources */,
				D4E974E51DDFE754002DCA7B /* LaunchScreen.storyboard in Resources */,
				D49626311DE214E000113527 /* GoogleService-Info.plist in Resources */,
				D4E974E21DDFE754002DCA7B /* Assets.xcassets in Resources */,
				D4E974E01DDFE754002DCA7B /* Main.storyboard in Resources */,
			);
			runOnlyForDeploymentPostprocessing = 0;
		};
/* End PBXResourcesBuildPhase section */

/* Begin PBXShellScriptBuildPhase section */
		1D13A3E6EB6D2CBD5AD957A0 /* [CP] Embed Pods Frameworks */ = {
			isa = PBXShellScriptBuildPhase;
			buildActionMask = 2147483647;
			files = (
			);
			inputPaths = (
			);
			name = "[CP] Embed Pods Frameworks";
			outputPaths = (
			);
			runOnlyForDeploymentPostprocessing = 0;
			shellPath = /bin/sh;
			shellScript = "\"${SRCROOT}/Pods/Target Support Files/Pods-CleanGreenEarth/Pods-CleanGreenEarth-frameworks.sh\"\n";
			showEnvVarsInLog = 0;
		};
		455F58BA4F5C1DFF2668A730 /* [CP] Check Pods Manifest.lock */ = {
			isa = PBXShellScriptBuildPhase;
			buildActionMask = 2147483647;
			files = (
			);
			inputPaths = (
			);
			name = "[CP] Check Pods Manifest.lock";
			outputPaths = (
			);
			runOnlyForDeploymentPostprocessing = 0;
			shellPath = /bin/sh;
			shellScript = "diff \"${PODS_ROOT}/../Podfile.lock\" \"${PODS_ROOT}/Manifest.lock\" > /dev/null\nif [ $? != 0 ] ; then\n    # print error to STDERR\n    echo \"error: The sandbox is not in sync with the Podfile.lock. Run 'pod install' or update your CocoaPods installation.\" >&2\n    exit 1\nfi\n";
			showEnvVarsInLog = 0;
		};
		FFB0EC2E007C0F7F7A3D17EE /* [CP] Copy Pods Resources */ = {
			isa = PBXShellScriptBuildPhase;
			buildActionMask = 2147483647;
			files = (
			);
			inputPaths = (
			);
			name = "[CP] Copy Pods Resources";
			outputPaths = (
			);
			runOnlyForDeploymentPostprocessing = 0;
			shellPath = /bin/sh;
			shellScript = "\"${SRCROOT}/Pods/Target Support Files/Pods-CleanGreenEarth/Pods-CleanGreenEarth-resources.sh\"\n";
			showEnvVarsInLog = 0;
		};
/* End PBXShellScriptBuildPhase section */

/* Begin PBXSourcesBuildPhase section */
		D4E974D31DDFE754002DCA7B /* Sources */ = {
			isa = PBXSourcesBuildPhase;
			buildActionMask = 2147483647;
			files = (
				D4D19CA31DE247A600707A2C /* CGEClient.swift in Sources */,
				D43D1CC81DE22B72008F292E /* SignupViewController.swift in Sources */,
				65B493971DE57B7800317ACB /* SearchEventsViewController.swift in Sources */,
				D4E974DD1DDFE754002DCA7B /* LoginViewController.swift in Sources */,
				D4E974DB1DDFE754002DCA7B /* AppDelegate.swift in Sources */,
				65513D7A1DE86282003C79DE /* CGEClient+Attendance.swift in Sources */,
				D4D19CA91DE24D3200707A2C /* CGEClient+Authentication.swift in Sources */,
				65513D721DE8105A003C79DE /* User.swift in Sources */,
				D4D19C9F1DE2369300707A2C /* UpdateNameViewController.swift in Sources */,
				D4D19CA71DE2486600707A2C /* CGEClient+Helpers.swift in Sources */,
				D43D1CCA1DE22D65008F292E /* Constants.swift in Sources */,
				65513D741DE8114F003C79DE /* DataController.swift in Sources */,
				65513D761DE8626A003C79DE /* CGEClient+Users.swift in Sources */,
				656A5BD91DE6F10C00647BD0 /* DataModel.xcdatamodeld in Sources */,
				656A5BD51DE6AC8A00647BD0 /* ProfileTableViewController.swift in Sources */,
				D4D19CA51DE247F600707A2C /* CGEClient+Constants.swift in Sources */,
				65513D701DE7FE8D003C79DE /* Event.swift in Sources */,
				65513D781DE86278003C79DE /* CGEClient+Events.swift in Sources */,
			);
			runOnlyForDeploymentPostprocessing = 0;
		};
/* End PBXSourcesBuildPhase section */

/* Begin PBXVariantGroup section */
		D4E974DE1DDFE754002DCA7B /* Main.storyboard */ = {
			isa = PBXVariantGroup;
			children = (
				D4E974DF1DDFE754002DCA7B /* Base */,
			);
			name = Main.storyboard;
			sourceTree = "<group>";
		};
		D4E974E31DDFE754002DCA7B /* LaunchScreen.storyboard */ = {
			isa = PBXVariantGroup;
			children = (
				D4E974E41DDFE754002DCA7B /* Base */,
			);
			name = LaunchScreen.storyboard;
			sourceTree = "<group>";
		};
/* End PBXVariantGroup section */

/* Begin XCBuildConfiguration section */
		D4E974E71DDFE754002DCA7B /* Debug */ = {
			isa = XCBuildConfiguration;
			buildSettings = {
				ALWAYS_SEARCH_USER_PATHS = NO;
				CLANG_ANALYZER_NONNULL = YES;
				CLANG_CXX_LANGUAGE_STANDARD = "gnu++0x";
				CLANG_CXX_LIBRARY = "libc++";
				CLANG_ENABLE_MODULES = YES;
				CLANG_ENABLE_OBJC_ARC = YES;
				CLANG_WARN_BOOL_CONVERSION = YES;
				CLANG_WARN_CONSTANT_CONVERSION = YES;
				CLANG_WARN_DIRECT_OBJC_ISA_USAGE = YES_ERROR;
				CLANG_WARN_DOCUMENTATION_COMMENTS = YES;
				CLANG_WARN_EMPTY_BODY = YES;
				CLANG_WARN_ENUM_CONVERSION = YES;
				CLANG_WARN_INFINITE_RECURSION = YES;
				CLANG_WARN_INT_CONVERSION = YES;
				CLANG_WARN_OBJC_ROOT_CLASS = YES_ERROR;
				CLANG_WARN_SUSPICIOUS_MOVE = YES;
				CLANG_WARN_SUSPICIOUS_MOVES = YES;
				CLANG_WARN_UNREACHABLE_CODE = YES;
				CLANG_WARN__DUPLICATE_METHOD_MATCH = YES;
				"CODE_SIGN_IDENTITY[sdk=iphoneos*]" = "iPhone Developer";
				COPY_PHASE_STRIP = NO;
				DEBUG_INFORMATION_FORMAT = dwarf;
				ENABLE_STRICT_OBJC_MSGSEND = YES;
				ENABLE_TESTABILITY = YES;
				GCC_C_LANGUAGE_STANDARD = gnu99;
				GCC_DYNAMIC_NO_PIC = NO;
				GCC_NO_COMMON_BLOCKS = YES;
				GCC_OPTIMIZATION_LEVEL = 0;
				GCC_PREPROCESSOR_DEFINITIONS = (
					"DEBUG=1",
					"$(inherited)",
				);
				GCC_WARN_64_TO_32_BIT_CONVERSION = YES;
				GCC_WARN_ABOUT_RETURN_TYPE = YES_ERROR;
				GCC_WARN_UNDECLARED_SELECTOR = YES;
				GCC_WARN_UNINITIALIZED_AUTOS = YES_AGGRESSIVE;
				GCC_WARN_UNUSED_FUNCTION = YES;
				GCC_WARN_UNUSED_VARIABLE = YES;
				IPHONEOS_DEPLOYMENT_TARGET = 10.1;
				MTL_ENABLE_DEBUG_INFO = YES;
				ONLY_ACTIVE_ARCH = YES;
				SDKROOT = iphoneos;
				SWIFT_ACTIVE_COMPILATION_CONDITIONS = DEBUG;
				SWIFT_OPTIMIZATION_LEVEL = "-Onone";
				TARGETED_DEVICE_FAMILY = "1,2";
			};
			name = Debug;
		};
		D4E974E81DDFE754002DCA7B /* Release */ = {
			isa = XCBuildConfiguration;
			buildSettings = {
				ALWAYS_SEARCH_USER_PATHS = NO;
				CLANG_ANALYZER_NONNULL = YES;
				CLANG_CXX_LANGUAGE_STANDARD = "gnu++0x";
				CLANG_CXX_LIBRARY = "libc++";
				CLANG_ENABLE_MODULES = YES;
				CLANG_ENABLE_OBJC_ARC = YES;
				CLANG_WARN_BOOL_CONVERSION = YES;
				CLANG_WARN_CONSTANT_CONVERSION = YES;
				CLANG_WARN_DIRECT_OBJC_ISA_USAGE = YES_ERROR;
				CLANG_WARN_DOCUMENTATION_COMMENTS = YES;
				CLANG_WARN_EMPTY_BODY = YES;
				CLANG_WARN_ENUM_CONVERSION = YES;
				CLANG_WARN_INFINITE_RECURSION = YES;
				CLANG_WARN_INT_CONVERSION = YES;
				CLANG_WARN_OBJC_ROOT_CLASS = YES_ERROR;
				CLANG_WARN_SUSPICIOUS_MOVE = YES;
				CLANG_WARN_SUSPICIOUS_MOVES = YES;
				CLANG_WARN_UNREACHABLE_CODE = YES;
				CLANG_WARN__DUPLICATE_METHOD_MATCH = YES;
				"CODE_SIGN_IDENTITY[sdk=iphoneos*]" = "iPhone Developer";
				COPY_PHASE_STRIP = NO;
				DEBUG_INFORMATION_FORMAT = "dwarf-with-dsym";
				ENABLE_NS_ASSERTIONS = NO;
				ENABLE_STRICT_OBJC_MSGSEND = YES;
				GCC_C_LANGUAGE_STANDARD = gnu99;
				GCC_NO_COMMON_BLOCKS = YES;
				GCC_WARN_64_TO_32_BIT_CONVERSION = YES;
				GCC_WARN_ABOUT_RETURN_TYPE = YES_ERROR;
				GCC_WARN_UNDECLARED_SELECTOR = YES;
				GCC_WARN_UNINITIALIZED_AUTOS = YES_AGGRESSIVE;
				GCC_WARN_UNUSED_FUNCTION = YES;
				GCC_WARN_UNUSED_VARIABLE = YES;
				IPHONEOS_DEPLOYMENT_TARGET = 10.1;
				MTL_ENABLE_DEBUG_INFO = NO;
				SDKROOT = iphoneos;
				SWIFT_OPTIMIZATION_LEVEL = "-Owholemodule";
				TARGETED_DEVICE_FAMILY = "1,2";
				VALIDATE_PRODUCT = YES;
			};
			name = Release;
		};
		D4E974EA1DDFE754002DCA7B /* Debug */ = {
			isa = XCBuildConfiguration;
			baseConfigurationReference = 66BDFE95D92554B3B4D61A48 /* Pods-CleanGreenEarth.debug.xcconfig */;
			buildSettings = {
				ASSETCATALOG_COMPILER_APPICON_NAME = AppIcon;
				DEVELOPMENT_TEAM = GAR9GU6C4G;
				INFOPLIST_FILE = CleanGreenEarth/Info.plist;
				IPHONEOS_DEPLOYMENT_TARGET = 9.3;
				LD_RUNPATH_SEARCH_PATHS = "$(inherited) @executable_path/Frameworks";
				PRODUCT_BUNDLE_IDENTIFIER = tech.ekantik.CleanGreenEarth;
				PRODUCT_NAME = "$(TARGET_NAME)";
				SWIFT_VERSION = 3.0;
			};
			name = Debug;
		};
		D4E974EB1DDFE754002DCA7B /* Release */ = {
			isa = XCBuildConfiguration;
			baseConfigurationReference = F512E20F67AC26A937D2BEF3 /* Pods-CleanGreenEarth.release.xcconfig */;
			buildSettings = {
				ASSETCATALOG_COMPILER_APPICON_NAME = AppIcon;
				DEVELOPMENT_TEAM = GAR9GU6C4G;
				INFOPLIST_FILE = CleanGreenEarth/Info.plist;
				IPHONEOS_DEPLOYMENT_TARGET = 9.3;
				LD_RUNPATH_SEARCH_PATHS = "$(inherited) @executable_path/Frameworks";
				PRODUCT_BUNDLE_IDENTIFIER = tech.ekantik.CleanGreenEarth;
				PRODUCT_NAME = "$(TARGET_NAME)";
				SWIFT_VERSION = 3.0;
			};
			name = Release;
		};
/* End XCBuildConfiguration section */

/* Begin XCConfigurationList section */
		D4E974D21DDFE754002DCA7B /* Build configuration list for PBXProject "CleanGreenEarth" */ = {
			isa = XCConfigurationList;
			buildConfigurations = (
				D4E974E71DDFE754002DCA7B /* Debug */,
				D4E974E81DDFE754002DCA7B /* Release */,
			);
			defaultConfigurationIsVisible = 0;
			defaultConfigurationName = Release;
		};
		D4E974E91DDFE754002DCA7B /* Build configuration list for PBXNativeTarget "CleanGreenEarth" */ = {
			isa = XCConfigurationList;
			buildConfigurations = (
				D4E974EA1DDFE754002DCA7B /* Debug */,
				D4E974EB1DDFE754002DCA7B /* Release */,
			);
			defaultConfigurationIsVisible = 0;
			defaultConfigurationName = Release;
		};
/* End XCConfigurationList section */

/* Begin XCVersionGroup section */
		656A5BD71DE6F10C00647BD0 /* DataModel.xcdatamodeld */ = {
			isa = XCVersionGroup;
			children = (
				656A5BD81DE6F10C00647BD0 /* DataModel.xcdatamodel */,
			);
			currentVersion = 656A5BD81DE6F10C00647BD0 /* DataModel.xcdatamodel */;
			path = DataModel.xcdatamodeld;
			sourceTree = "<group>";
			versionGroupType = wrapper.xcdatamodel;
		};
/* End XCVersionGroup section */
	};
	rootObject = D4E974CF1DDFE754002DCA7B /* Project object */;
}
